{
  "name": "Boolean",
  "lockfileVersion": 3,
  "requires": true,
  "packages": {
    "": {
      "dependencies": {
        "weird-to-normal-chars": "^1.8.3"
      }
    },
    "node_modules/weird-to-normal-chars": {
      "version": "1.8.3",
      "resolved": "https://registry.npmjs.org/weird-to-normal-chars/-/weird-to-normal-chars-1.8.3.tgz",
      "integrity": "sha512-6iQyxfFOQ9h97+IfOa4kh6fVOSShQ5JrTJh6XCsGkdHvKie+d1F/2VVMWyxa5rpWHOeBRDRFYL7u6HxKLMWuyg=="
    }
  }
}
